
Microsoft Visual Studio Solution File, Format Version 12.00
# Visual Studio 14
VisualStudioVersion = 14.0.25420.1
MinimumVisualStudioVersion = 10.0.40219.1
Project("{FAE04EC0-301F-11D3-BF4B-00C04F79EFBC}") = "letsencrypt-with-dnspod", "letsencrypt-with-dnspod\letsencrypt-with-dnspod.csproj", "{7B2F853F-803F-4005-A6B9-9C33BE23BC30}"
EndProject
Global
	GlobalSection(SolutionConfigurationPlatforms) = preSolution
		Debug|AnyCPU = Debug|AnyCPU
	EndGlobalSection
	GlobalSection(ProjectConfigurationPlatforms) = postSolution
		{7B2F853F-803F-4005-A6B9-9C33BE23BC30}.Debug|AnyCPU.ActiveCfg = Debug|Any CPU
		{7B2F853F-803F-4005-A6B9-9C33BE23BC30}.Debug|AnyCPU.Build.0 = Debug|Any CPU
	EndGlobalSection
	GlobalSection(SolutionProperties) = preSolution
		HideSolutionNode = FALSE
	EndGlobalSection
EndGlobal
